
Microsoft Visual Studio Solution File, Format Version 12.00
# Visual Studio Version 17
VisualStudioVersion = 17.0.31903.59
MinimumVisualStudioVersion = 10.0.40219.1
Project("{FAE04EC0-301F-11D3-BF4B-00C04F79EFBC}") = "Meep.Tech.Parser", "..\..\libs\langs\parsers\Meep.Tech.Parser\Meep.Tech.Parser.csproj", "{A9533827-E370-4CA3-82AD-ECCB943B70FE}"
EndProject
Project("{2150E333-8FDC-42A3-9474-1A3956D46DE8}") = "libs", "libs", "{83A6D198-A141-4F11-9CA7-D0B7E4938FA8}"
EndProject
Project("{2150E333-8FDC-42A3-9474-1A3956D46DE8}") = "langs", "langs", "{FF6F9640-0180-4EDA-A82F-1490D7B9CBD1}"
EndProject
Project("{2150E333-8FDC-42A3-9474-1A3956D46DE8}") = "astra", "astra", "{3F229854-AD4E-469A-9E4F-2CCC8708D167}"
EndProject
Project("{2150E333-8FDC-42A3-9474-1A3956D46DE8}") = "parsers", "parsers", "{493B7986-D955-4C77-8FC4-E0FCD99BCB77}"
EndProject
Project("{FAE04EC0-301F-11D3-BF4B-00C04F79EFBC}") = "AstrA.Parser", "libs\langs\astra\parsers\AstrA.Parser\AstrA.Parser.csproj", "{554DA675-205F-4C8F-B328-0F18BFFF491F}"
EndProject
Project("{2150E333-8FDC-42A3-9474-1A3956D46DE8}") = "runtimes", "runtimes", "{01C0F4DE-290F-4BEE-92E2-F08795043E2F}"
EndProject
Project("{FAE04EC0-301F-11D3-BF4B-00C04F79EFBC}") = "Indra.AstrA.Runtime", "libs\langs\astra\runtimes\AstrA.Runtime\Indra.AstrA.Runtime.csproj", "{2B6A8FA5-972A-47ED-B5BD-BFC96D71A8B8}"
EndProject
Project("{FAE04EC0-301F-11D3-BF4B-00C04F79EFBC}") = "Tests", "..\..\libs\langs\parsers\Meep.Tech.Parser\test\Tests.csproj", "{266482B7-807D-47DE-BEDF-4750DDD603C1}"
EndProject
Global
	GlobalSection(SolutionConfigurationPlatforms) = preSolution
		Debug|Any CPU = Debug|Any CPU
		Release|Any CPU = Release|Any CPU
	EndGlobalSection
	GlobalSection(SolutionProperties) = preSolution
		HideSolutionNode = FALSE
	EndGlobalSection
	GlobalSection(ProjectConfigurationPlatforms) = postSolution
		{A9533827-E370-4CA3-82AD-ECCB943B70FE}.Debug|Any CPU.ActiveCfg = Debug|Any CPU
		{A9533827-E370-4CA3-82AD-ECCB943B70FE}.Debug|Any CPU.Build.0 = Debug|Any CPU
		{A9533827-E370-4CA3-82AD-ECCB943B70FE}.Release|Any CPU.ActiveCfg = Release|Any CPU
		{A9533827-E370-4CA3-82AD-ECCB943B70FE}.Release|Any CPU.Build.0 = Release|Any CPU
		{554DA675-205F-4C8F-B328-0F18BFFF491F}.Debug|Any CPU.ActiveCfg = Debug|Any CPU
		{554DA675-205F-4C8F-B328-0F18BFFF491F}.Debug|Any CPU.Build.0 = Debug|Any CPU
		{554DA675-205F-4C8F-B328-0F18BFFF491F}.Release|Any CPU.ActiveCfg = Release|Any CPU
		{554DA675-205F-4C8F-B328-0F18BFFF491F}.Release|Any CPU.Build.0 = Release|Any CPU
		{F66FF97F-06BB-43EA-8212-67267FA35026}.Debug|Any CPU.ActiveCfg = Debug|Any CPU
		{F66FF97F-06BB-43EA-8212-67267FA35026}.Debug|Any CPU.Build.0 = Debug|Any CPU
		{F66FF97F-06BB-43EA-8212-67267FA35026}.Release|Any CPU.ActiveCfg = Release|Any CPU
		{F66FF97F-06BB-43EA-8212-67267FA35026}.Release|Any CPU.Build.0 = Release|Any CPU
		{2B6A8FA5-972A-47ED-B5BD-BFC96D71A8B8}.Debug|Any CPU.ActiveCfg = Debug|Any CPU
		{2B6A8FA5-972A-47ED-B5BD-BFC96D71A8B8}.Debug|Any CPU.Build.0 = Debug|Any CPU
		{2B6A8FA5-972A-47ED-B5BD-BFC96D71A8B8}.Release|Any CPU.ActiveCfg = Release|Any CPU
		{2B6A8FA5-972A-47ED-B5BD-BFC96D71A8B8}.Release|Any CPU.Build.0 = Release|Any CPU
		{266482B7-807D-47DE-BEDF-4750DDD603C1}.Debug|Any CPU.ActiveCfg = Debug|Any CPU
		{266482B7-807D-47DE-BEDF-4750DDD603C1}.Debug|Any CPU.Build.0 = Debug|Any CPU
		{266482B7-807D-47DE-BEDF-4750DDD603C1}.Release|Any CPU.ActiveCfg = Release|Any CPU
		{266482B7-807D-47DE-BEDF-4750DDD603C1}.Release|Any CPU.Build.0 = Release|Any CPU
	EndGlobalSection
	GlobalSection(NestedProjects) = preSolution
		{FF6F9640-0180-4EDA-A82F-1490D7B9CBD1} = {83A6D198-A141-4F11-9CA7-D0B7E4938FA8}
		{3F229854-AD4E-469A-9E4F-2CCC8708D167} = {FF6F9640-0180-4EDA-A82F-1490D7B9CBD1}
		{493B7986-D955-4C77-8FC4-E0FCD99BCB77} = {3F229854-AD4E-469A-9E4F-2CCC8708D167}
		{554DA675-205F-4C8F-B328-0F18BFFF491F} = {493B7986-D955-4C77-8FC4-E0FCD99BCB77}
		{01C0F4DE-290F-4BEE-92E2-F08795043E2F} = {3F229854-AD4E-469A-9E4F-2CCC8708D167}
		{2B6A8FA5-972A-47ED-B5BD-BFC96D71A8B8} = {01C0F4DE-290F-4BEE-92E2-F08795043E2F}
	EndGlobalSection
EndGlobal
